{
  "name": "testebrainny",
  "version": "1.0.0",
  "lockfileVersion": 1,
  "requires": true,
  "dependencies": {
    "@faker-js/faker": {
      "version": "7.1.0",
      "resolved": "https://registry.npmjs.org/@faker-js/faker/-/faker-7.1.0.tgz",
      "integrity": "sha512-G+EvE29QUd9/6GTrwA/TK2AiN79W4ZG6kyJqj2RAqUqEd8A8ICnjA3Rj3F2IaaA+sq6WJzs4lh8GJJRDG1UH7A==",
      "dev": true
    }
  }
}
